// !$*UTF8*$!
{
	archiveVersion = 1;
	classes = {
	};
	objectVersion = 55;
	objects = {

/* Begin PBXBuildFile section */
		65CAE8F928DB1FB10088C2F3 /* AppDelegate.swift in Sources */ = {isa = PBXBuildFile; fileRef = 65CAE8F828DB1FB10088C2F3 /* AppDelegate.swift */; };
		65CAE8FB28DB1FB10088C2F3 /* SceneDelegate.swift in Sources */ = {isa = PBXBuildFile; fileRef = 65CAE8FA28DB1FB10088C2F3 /* SceneDelegate.swift */; };
		65CAE90228DB1FB30088C2F3 /* Assets.xcassets in Resources */ = {isa = PBXBuildFile; fileRef = 65CAE90128DB1FB30088C2F3 /* Assets.xcassets */; };
		65CAE90528DB1FB30088C2F3 /* LaunchScreen.storyboard in Resources */ = {isa = PBXBuildFile; fileRef = 65CAE90328DB1FB30088C2F3 /* LaunchScreen.storyboard */; };
		65CAE90D28DB462C0088C2F3 /* ClassifiedADSViewController.swift in Sources */ = {isa = PBXBuildFile; fileRef = 65CAE90C28DB462C0088C2F3 /* ClassifiedADSViewController.swift */; };
		65CAE91628DB48630088C2F3 /* TabBarController.swift in Sources */ = {isa = PBXBuildFile; fileRef = 65CAE91528DB48630088C2F3 /* TabBarController.swift */; };
		65CAE91828DB48BF0088C2F3 /* Constants.swift in Sources */ = {isa = PBXBuildFile; fileRef = 65CAE91728DB48BF0088C2F3 /* Constants.swift */; };
		65CAE91A28DB78480088C2F3 /* LBCCategory.swift in Sources */ = {isa = PBXBuildFile; fileRef = 65CAE91928DB78480088C2F3 /* LBCCategory.swift */; };
		65CAE91C28DB78800088C2F3 /* LBCClassifiedAD.swift in Sources */ = {isa = PBXBuildFile; fileRef = 65CAE91B28DB78800088C2F3 /* LBCClassifiedAD.swift */; };
		65CAE91E28DB790E0088C2F3 /* ImagesUrl.swift in Sources */ = {isa = PBXBuildFile; fileRef = 65CAE91D28DB790E0088C2F3 /* ImagesUrl.swift */; };
		65CAE92228DB79710088C2F3 /* APIService.swift in Sources */ = {isa = PBXBuildFile; fileRef = 65CAE92128DB79710088C2F3 /* APIService.swift */; };
		65CAE92428DB79B30088C2F3 /* URLSessionProtocol.swift in Sources */ = {isa = PBXBuildFile; fileRef = 65CAE92328DB79B30088C2F3 /* URLSessionProtocol.swift */; };
		65CAE92628DB79E50088C2F3 /* LBCAPIService.swift in Sources */ = {isa = PBXBuildFile; fileRef = 65CAE92528DB79E50088C2F3 /* LBCAPIService.swift */; };
		65CAE92828DB7AC00088C2F3 /* LBCURLSession.swift in Sources */ = {isa = PBXBuildFile; fileRef = 65CAE92728DB7AC00088C2F3 /* LBCURLSession.swift */; };
		65CAE92A28DB7BC40088C2F3 /* ClassifiedADSViewModel.swift in Sources */ = {isa = PBXBuildFile; fileRef = 65CAE92928DB7BC40088C2F3 /* ClassifiedADSViewModel.swift */; };
		65CAE93F28DB81750088C2F3 /* TestLeboncoinTests.swift in Sources */ = {isa = PBXBuildFile; fileRef = 65CAE93E28DB81750088C2F3 /* TestLeboncoinTests.swift */; };
		65CAE94728DB823C0088C2F3 /* FakeNetworkResponse.swift in Sources */ = {isa = PBXBuildFile; fileRef = 65CAE94628DB823C0088C2F3 /* FakeNetworkResponse.swift */; };
		65CAE94928DB825E0088C2F3 /* FakeData.swift in Sources */ = {isa = PBXBuildFile; fileRef = 65CAE94828DB825E0088C2F3 /* FakeData.swift */; };
		65CAE94B28DB829B0088C2F3 /* URLSessionFake.swift in Sources */ = {isa = PBXBuildFile; fileRef = 65CAE94A28DB829B0088C2F3 /* URLSessionFake.swift */; };
		65CAE94D28DB82F40088C2F3 /* ClassifiedADS.json in Resources */ = {isa = PBXBuildFile; fileRef = 65CAE94C28DB82F40088C2F3 /* ClassifiedADS.json */; };
		65CAE94F28DB83250088C2F3 /* Categories.json in Resources */ = {isa = PBXBuildFile; fileRef = 65CAE94E28DB83250088C2F3 /* Categories.json */; };
		65CAE95128DB838B0088C2F3 /* APIServiceTests.swift in Sources */ = {isa = PBXBuildFile; fileRef = 65CAE95028DB838B0088C2F3 /* APIServiceTests.swift */; };
		65CAE95328DB9E150088C2F3 /* UIView.swift in Sources */ = {isa = PBXBuildFile; fileRef = 65CAE95228DB9E150088C2F3 /* UIView.swift */; };
		65CAE95528DB9ED00088C2F3 /* ClassifiedADCell.swift in Sources */ = {isa = PBXBuildFile; fileRef = 65CAE95428DB9ED00088C2F3 /* ClassifiedADCell.swift */; };
		65CAE95F28DCA3B10088C2F3 /* SectionHeaderView.swift in Sources */ = {isa = PBXBuildFile; fileRef = 65CAE95E28DCA3B10088C2F3 /* SectionHeaderView.swift */; };
		65CAE96128DCA4020088C2F3 /* CategoryCell.swift in Sources */ = {isa = PBXBuildFile; fileRef = 65CAE96028DCA4020088C2F3 /* CategoryCell.swift */; };
		65CAE96328DDFFF40088C2F3 /* UrgentView.swift in Sources */ = {isa = PBXBuildFile; fileRef = 65CAE96228DDFFF40088C2F3 /* UrgentView.swift */; };
		65CAE96528E05CBA0088C2F3 /* DetailViewController.swift in Sources */ = {isa = PBXBuildFile; fileRef = 65CAE96428E05CBA0088C2F3 /* DetailViewController.swift */; };
		65CAE96728E05E930088C2F3 /* DetailViewModel.swift in Sources */ = {isa = PBXBuildFile; fileRef = 65CAE96628E05E930088C2F3 /* DetailViewModel.swift */; };
		65CAE96928E063F70088C2F3 /* DefaultImage.swift in Sources */ = {isa = PBXBuildFile; fileRef = 65CAE96828E063F70088C2F3 /* DefaultImage.swift */; };
		65CAE96B28E09A580088C2F3 /* TitleLabel.swift in Sources */ = {isa = PBXBuildFile; fileRef = 65CAE96A28E09A580088C2F3 /* TitleLabel.swift */; };
		65CAE96D28E09B850088C2F3 /* Date.swift in Sources */ = {isa = PBXBuildFile; fileRef = 65CAE96C28E09B850088C2F3 /* Date.swift */; };
		65CAE96F28E0A2BC0088C2F3 /* Float.swift in Sources */ = {isa = PBXBuildFile; fileRef = 65CAE96E28E0A2BC0088C2F3 /* Float.swift */; };
/* End PBXBuildFile section */

/* Begin PBXContainerItemProxy section */
		65CAE94028DB81750088C2F3 /* PBXContainerItemProxy */ = {
			isa = PBXContainerItemProxy;
			containerPortal = 65CAE8ED28DB1FB10088C2F3 /* Project object */;
			proxyType = 1;
			remoteGlobalIDString = 65CAE8F428DB1FB10088C2F3;
			remoteInfo = TestLeboncoin;
		};
/* End PBXContainerItemProxy section */

/* Begin PBXFileReference section */
		65CAE8F528DB1FB10088C2F3 /* TestLeboncoin.app */ = {isa = PBXFileReference; explicitFileType = wrapper.application; includeInIndex = 0; path = TestLeboncoin.app; sourceTree = BUILT_PRODUCTS_DIR; };
		65CAE8F828DB1FB10088C2F3 /* AppDelegate.swift */ = {isa = PBXFileReference; lastKnownFileType = sourcecode.swift; path = AppDelegate.swift; sourceTree = "<group>"; };
		65CAE8FA28DB1FB10088C2F3 /* SceneDelegate.swift */ = {isa = PBXFileReference; lastKnownFileType = sourcecode.swift; path = SceneDelegate.swift; sourceTree = "<group>"; };
		65CAE90128DB1FB30088C2F3 /* Assets.xcassets */ = {isa = PBXFileReference; lastKnownFileType = folder.assetcatalog; path = Assets.xcassets; sourceTree = "<group>"; };
		65CAE90428DB1FB30088C2F3 /* Base */ = {isa = PBXFileReference; lastKnownFileType = file.storyboard; name = Base; path = Base.lproj/LaunchScreen.storyboard; sourceTree = "<group>"; };
		65CAE90628DB1FB30088C2F3 /* Info.plist */ = {isa = PBXFileReference; lastKnownFileType = text.plist.xml; path = Info.plist; sourceTree = "<group>"; };
		65CAE90C28DB462C0088C2F3 /* ClassifiedADSViewController.swift */ = {isa = PBXFileReference; lastKnownFileType = sourcecode.swift; path = ClassifiedADSViewController.swift; sourceTree = "<group>"; };
		65CAE91528DB48630088C2F3 /* TabBarController.swift */ = {isa = PBXFileReference; lastKnownFileType = sourcecode.swift; path = TabBarController.swift; sourceTree = "<group>"; };
		65CAE91728DB48BF0088C2F3 /* Constants.swift */ = {isa = PBXFileReference; lastKnownFileType = sourcecode.swift; path = Constants.swift; sourceTree = "<group>"; };
		65CAE91928DB78480088C2F3 /* LBCCategory.swift */ = {isa = PBXFileReference; lastKnownFileType = sourcecode.swift; path = LBCCategory.swift; sourceTree = "<group>"; };
		65CAE91B28DB78800088C2F3 /* LBCClassifiedAD.swift */ = {isa = PBXFileReference; lastKnownFileType = sourcecode.swift; path = LBCClassifiedAD.swift; sourceTree = "<group>"; };
		65CAE91D28DB790E0088C2F3 /* ImagesUrl.swift */ = {isa = PBXFileReference; lastKnownFileType = sourcecode.swift; path = ImagesUrl.swift; sourceTree = "<group>"; };
		65CAE92128DB79710088C2F3 /* APIService.swift */ = {isa = PBXFileReference; lastKnownFileType = sourcecode.swift; path = APIService.swift; sourceTree = "<group>"; };
		65CAE92328DB79B30088C2F3 /* URLSessionProtocol.swift */ = {isa = PBXFileReference; lastKnownFileType = sourcecode.swift; path = URLSessionProtocol.swift; sourceTree = "<group>"; };
		65CAE92528DB79E50088C2F3 /* LBCAPIService.swift */ = {isa = PBXFileReference; lastKnownFileType = sourcecode.swift; path = LBCAPIService.swift; sourceTree = "<group>"; };
		65CAE92728DB7AC00088C2F3 /* LBCURLSession.swift */ = {isa = PBXFileReference; lastKnownFileType = sourcecode.swift; path = LBCURLSession.swift; sourceTree = "<group>"; };
		65CAE92928DB7BC40088C2F3 /* ClassifiedADSViewModel.swift */ = {isa = PBXFileReference; lastKnownFileType = sourcecode.swift; path = ClassifiedADSViewModel.swift; sourceTree = "<group>"; };
		65CAE93C28DB81750088C2F3 /* TestLeboncoinTests.xctest */ = {isa = PBXFileReference; explicitFileType = wrapper.cfbundle; includeInIndex = 0; path = TestLeboncoinTests.xctest; sourceTree = BUILT_PRODUCTS_DIR; };
		65CAE93E28DB81750088C2F3 /* TestLeboncoinTests.swift */ = {isa = PBXFileReference; lastKnownFileType = sourcecode.swift; path = TestLeboncoinTests.swift; sourceTree = "<group>"; };
		65CAE94628DB823C0088C2F3 /* FakeNetworkResponse.swift */ = {isa = PBXFileReference; lastKnownFileType = sourcecode.swift; path = FakeNetworkResponse.swift; sourceTree = "<group>"; };
		65CAE94828DB825E0088C2F3 /* FakeData.swift */ = {isa = PBXFileReference; lastKnownFileType = sourcecode.swift; path = FakeData.swift; sourceTree = "<group>"; };
		65CAE94A28DB829B0088C2F3 /* URLSessionFake.swift */ = {isa = PBXFileReference; lastKnownFileType = sourcecode.swift; path = URLSessionFake.swift; sourceTree = "<group>"; };
		65CAE94C28DB82F40088C2F3 /* ClassifiedADS.json */ = {isa = PBXFileReference; lastKnownFileType = text.json; path = ClassifiedADS.json; sourceTree = "<group>"; };
		65CAE94E28DB83250088C2F3 /* Categories.json */ = {isa = PBXFileReference; lastKnownFileType = text.json; path = Categories.json; sourceTree = "<group>"; };
		65CAE95028DB838B0088C2F3 /* APIServiceTests.swift */ = {isa = PBXFileReference; lastKnownFileType = sourcecode.swift; path = APIServiceTests.swift; sourceTree = "<group>"; };
		65CAE95228DB9E150088C2F3 /* UIView.swift */ = {isa = PBXFileReference; lastKnownFileType = sourcecode.swift; path = UIView.swift; sourceTree = "<group>"; };
		65CAE95428DB9ED00088C2F3 /* ClassifiedADCell.swift */ = {isa = PBXFileReference; lastKnownFileType = sourcecode.swift; path = ClassifiedADCell.swift; sourceTree = "<group>"; };
		65CAE95E28DCA3B10088C2F3 /* SectionHeaderView.swift */ = {isa = PBXFileReference; lastKnownFileType = sourcecode.swift; path = SectionHeaderView.swift; sourceTree = "<group>"; };
		65CAE96028DCA4020088C2F3 /* CategoryCell.swift */ = {isa = PBXFileReference; lastKnownFileType = sourcecode.swift; path = CategoryCell.swift; sourceTree = "<group>"; };
		65CAE96228DDFFF40088C2F3 /* UrgentView.swift */ = {isa = PBXFileReference; lastKnownFileType = sourcecode.swift; path = UrgentView.swift; sourceTree = "<group>"; };
		65CAE96428E05CBA0088C2F3 /* DetailViewController.swift */ = {isa = PBXFileReference; lastKnownFileType = sourcecode.swift; path = DetailViewController.swift; sourceTree = "<group>"; };
		65CAE96628E05E930088C2F3 /* DetailViewModel.swift */ = {isa = PBXFileReference; lastKnownFileType = sourcecode.swift; path = DetailViewModel.swift; sourceTree = "<group>"; };
		65CAE96828E063F70088C2F3 /* DefaultImage.swift */ = {isa = PBXFileReference; lastKnownFileType = sourcecode.swift; path = DefaultImage.swift; sourceTree = "<group>"; };
		65CAE96A28E09A580088C2F3 /* TitleLabel.swift */ = {isa = PBXFileReference; lastKnownFileType = sourcecode.swift; path = TitleLabel.swift; sourceTree = "<group>"; };
		65CAE96C28E09B850088C2F3 /* Date.swift */ = {isa = PBXFileReference; lastKnownFileType = sourcecode.swift; path = Date.swift; sourceTree = "<group>"; };
		65CAE96E28E0A2BC0088C2F3 /* Float.swift */ = {isa = PBXFileReference; lastKnownFileType = sourcecode.swift; path = Float.swift; sourceTree = "<group>"; };
/* End PBXFileReference section */

/* Begin PBXFrameworksBuildPhase section */
		65CAE8F228DB1FB10088C2F3 /* Frameworks */ = {
			isa = PBXFrameworksBuildPhase;
			buildActionMask = 2147483647;
			files = (
			);
			runOnlyForDeploymentPostprocessing = 0;
		};
		65CAE93928DB81750088C2F3 /* Frameworks */ = {
			isa = PBXFrameworksBuildPhase;
			buildActionMask = 2147483647;
			files = (
			);
			runOnlyForDeploymentPostprocessing = 0;
		};
/* End PBXFrameworksBuildPhase section */

/* Begin PBXGroup section */
		65CAE8EC28DB1FB10088C2F3 = {
			isa = PBXGroup;
			children = (
				65CAE8F728DB1FB10088C2F3 /* TestLeboncoin */,
				65CAE93D28DB81750088C2F3 /* TestLeboncoinTests */,
				65CAE8F628DB1FB10088C2F3 /* Products */,
			);
			sourceTree = "<group>";
		};
		65CAE8F628DB1FB10088C2F3 /* Products */ = {
			isa = PBXGroup;
			children = (
				65CAE8F528DB1FB10088C2F3 /* TestLeboncoin.app */,
				65CAE93C28DB81750088C2F3 /* TestLeboncoinTests.xctest */,
			);
			name = Products;
			sourceTree = "<group>";
		};
		65CAE8F728DB1FB10088C2F3 /* TestLeboncoin */ = {
			isa = PBXGroup;
			children = (
				65CAE91428DB47D10088C2F3 /* Models */,
				65CAE91328DB47C60088C2F3 /* Views */,
				65CAE91228DB47A60088C2F3 /* ViewModels */,
				65CAE91128DB479A0088C2F3 /* Controllers */,
				65CAE91028DB476B0088C2F3 /* Services */,
				65CAE90F28DB47610088C2F3 /* Extensions */,
				65CAE90E28DB47580088C2F3 /* Supporting Files */,
				65CAE8F828DB1FB10088C2F3 /* AppDelegate.swift */,
				65CAE8FA28DB1FB10088C2F3 /* SceneDelegate.swift */,
				65CAE90128DB1FB30088C2F3 /* Assets.xcassets */,
				65CAE90328DB1FB30088C2F3 /* LaunchScreen.storyboard */,
				65CAE90628DB1FB30088C2F3 /* Info.plist */,
			);
			path = TestLeboncoin;
			sourceTree = "<group>";
		};
		65CAE90E28DB47580088C2F3 /* Supporting Files */ = {
			isa = PBXGroup;
			children = (
				65CAE91728DB48BF0088C2F3 /* Constants.swift */,
			);
			path = "Supporting Files";
			sourceTree = "<group>";
		};
		65CAE90F28DB47610088C2F3 /* Extensions */ = {
			isa = PBXGroup;
			children = (
				65CAE95228DB9E150088C2F3 /* UIView.swift */,
				65CAE96C28E09B850088C2F3 /* Date.swift */,
				65CAE96E28E0A2BC0088C2F3 /* Float.swift */,
			);
			path = Extensions;
			sourceTree = "<group>";
		};
		65CAE91028DB476B0088C2F3 /* Services */ = {
			isa = PBXGroup;
			children = (
				65CAE92328DB79B30088C2F3 /* URLSessionProtocol.swift */,
				65CAE92728DB7AC00088C2F3 /* LBCURLSession.swift */,
				65CAE92128DB79710088C2F3 /* APIService.swift */,
				65CAE92528DB79E50088C2F3 /* LBCAPIService.swift */,
			);
			path = Services;
			sourceTree = "<group>";
		};
		65CAE91128DB479A0088C2F3 /* Controllers */ = {
			isa = PBXGroup;
			children = (
				65CAE91528DB48630088C2F3 /* TabBarController.swift */,
				65CAE90C28DB462C0088C2F3 /* ClassifiedADSViewController.swift */,
				65CAE96428E05CBA0088C2F3 /* DetailViewController.swift */,
			);
			path = Controllers;
			sourceTree = "<group>";
		};
		65CAE91228DB47A60088C2F3 /* ViewModels */ = {
			isa = PBXGroup;
			children = (
				65CAE92928DB7BC40088C2F3 /* ClassifiedADSViewModel.swift */,
				65CAE96628E05E930088C2F3 /* DetailViewModel.swift */,
			);
			path = ViewModels;
			sourceTree = "<group>";
		};
		65CAE91328DB47C60088C2F3 /* Views */ = {
			isa = PBXGroup;
			children = (
				65CAE95E28DCA3B10088C2F3 /* SectionHeaderView.swift */,
				65CAE95428DB9ED00088C2F3 /* ClassifiedADCell.swift */,
				65CAE96028DCA4020088C2F3 /* CategoryCell.swift */,
				65CAE96228DDFFF40088C2F3 /* UrgentView.swift */,
				65CAE96828E063F70088C2F3 /* DefaultImage.swift */,
				65CAE96A28E09A580088C2F3 /* TitleLabel.swift */,
			);
			path = Views;
			sourceTree = "<group>";
		};
		65CAE91428DB47D10088C2F3 /* Models */ = {
			isa = PBXGroup;
			children = (
				65CAE91928DB78480088C2F3 /* LBCCategory.swift */,
				65CAE91B28DB78800088C2F3 /* LBCClassifiedAD.swift */,
				65CAE91D28DB790E0088C2F3 /* ImagesUrl.swift */,
			);
			path = Models;
			sourceTree = "<group>";
		};
		65CAE93D28DB81750088C2F3 /* TestLeboncoinTests */ = {
			isa = PBXGroup;
			children = (
				65CAE94528DB82130088C2F3 /* Helpers */,
				65CAE93E28DB81750088C2F3 /* TestLeboncoinTests.swift */,
				65CAE95028DB838B0088C2F3 /* APIServiceTests.swift */,
			);
			path = TestLeboncoinTests;
			sourceTree = "<group>";
		};
		65CAE94528DB82130088C2F3 /* Helpers */ = {
			isa = PBXGroup;
			children = (
				65CAE94628DB823C0088C2F3 /* FakeNetworkResponse.swift */,
				65CAE94828DB825E0088C2F3 /* FakeData.swift */,
				65CAE94A28DB829B0088C2F3 /* URLSessionFake.swift */,
				65CAE94C28DB82F40088C2F3 /* ClassifiedADS.json */,
				65CAE94E28DB83250088C2F3 /* Categories.json */,
			);
			path = Helpers;
			sourceTree = "<group>";
		};
/* End PBXGroup section */

/* Begin PBXNativeTarget section */
		65CAE8F428DB1FB10088C2F3 /* TestLeboncoin */ = {
			isa = PBXNativeTarget;
			buildConfigurationList = 65CAE90928DB1FB30088C2F3 /* Build configuration list for PBXNativeTarget "TestLeboncoin" */;
			buildPhases = (
				65CAE8F128DB1FB10088C2F3 /* Sources */,
				65CAE8F228DB1FB10088C2F3 /* Frameworks */,
				65CAE8F328DB1FB10088C2F3 /* Resources */,
			);
			buildRules = (
			);
			dependencies = (
			);
			name = TestLeboncoin;
			productName = TestLeboncoin;
			productReference = 65CAE8F528DB1FB10088C2F3 /* TestLeboncoin.app */;
			productType = "com.apple.product-type.application";
		};
		65CAE93B28DB81750088C2F3 /* TestLeboncoinTests */ = {
			isa = PBXNativeTarget;
			buildConfigurationList = 65CAE94228DB81750088C2F3 /* Build configuration list for PBXNativeTarget "TestLeboncoinTests" */;
			buildPhases = (
				65CAE93828DB81750088C2F3 /* Sources */,
				65CAE93928DB81750088C2F3 /* Frameworks */,
				65CAE93A28DB81750088C2F3 /* Resources */,
			);
			buildRules = (
			);
			dependencies = (
				65CAE94128DB81750088C2F3 /* PBXTargetDependency */,
			);
			name = TestLeboncoinTests;
			productName = TestLeboncoinTests;
			productReference = 65CAE93C28DB81750088C2F3 /* TestLeboncoinTests.xctest */;
			productType = "com.apple.product-type.bundle.unit-test";
		};
/* End PBXNativeTarget section */

/* Begin PBXProject section */
		65CAE8ED28DB1FB10088C2F3 /* Project object */ = {
			isa = PBXProject;
			attributes = {
				BuildIndependentTargetsInParallel = 1;
				LastSwiftUpdateCheck = 1340;
				LastUpgradeCheck = 1340;
				TargetAttributes = {
					65CAE8F428DB1FB10088C2F3 = {
						CreatedOnToolsVersion = 13.4.1;
					};
					65CAE93B28DB81750088C2F3 = {
						CreatedOnToolsVersion = 13.4.1;
						TestTargetID = 65CAE8F428DB1FB10088C2F3;
					};
				};
			};
			buildConfigurationList = 65CAE8F028DB1FB10088C2F3 /* Build configuration list for PBXProject "TestLeboncoin" */;
			compatibilityVersion = "Xcode 13.0";
			developmentRegion = en;
			hasScannedForEncodings = 0;
			knownRegions = (
				en,
				Base,
			);
			mainGroup = 65CAE8EC28DB1FB10088C2F3;
			productRefGroup = 65CAE8F628DB1FB10088C2F3 /* Products */;
			projectDirPath = "";
			projectRoot = "";
			targets = (
				65CAE8F428DB1FB10088C2F3 /* TestLeboncoin */,
				65CAE93B28DB81750088C2F3 /* TestLeboncoinTests */,
			);
		};
/* End PBXProject section */

/* Begin PBXResourcesBuildPhase section */
		65CAE8F328DB1FB10088C2F3 /* Resources */ = {
			isa = PBXResourcesBuildPhase;
			buildActionMask = 2147483647;
			files = (
				65CAE90528DB1FB30088C2F3 /* LaunchScreen.storyboard in Resources */,
				65CAE90228DB1FB30088C2F3 /* Assets.xcassets in Resources */,
			);
			runOnlyForDeploymentPostprocessing = 0;
		};
		65CAE93A28DB81750088C2F3 /* Resources */ = {
			isa = PBXResourcesBuildPhase;
			buildActionMask = 2147483647;
			files = (
				65CAE94D28DB82F40088C2F3 /* ClassifiedADS.json in Resources */,
				65CAE94F28DB83250088C2F3 /* Categories.json in Resources */,
			);
			runOnlyForDeploymentPostprocessing = 0;
		};
/* End PBXResourcesBuildPhase section */

/* Begin PBXSourcesBuildPhase section */
		65CAE8F128DB1FB10088C2F3 /* Sources */ = {
			isa = PBXSourcesBuildPhase;
			buildActionMask = 2147483647;
			files = (
				65CAE96D28E09B850088C2F3 /* Date.swift in Sources */,
				65CAE96128DCA4020088C2F3 /* CategoryCell.swift in Sources */,
				65CAE92428DB79B30088C2F3 /* URLSessionProtocol.swift in Sources */,
				65CAE92628DB79E50088C2F3 /* LBCAPIService.swift in Sources */,
				65CAE96728E05E930088C2F3 /* DetailViewModel.swift in Sources */,
				65CAE91828DB48BF0088C2F3 /* Constants.swift in Sources */,
				65CAE90D28DB462C0088C2F3 /* ClassifiedADSViewController.swift in Sources */,
				65CAE91628DB48630088C2F3 /* TabBarController.swift in Sources */,
				65CAE91E28DB790E0088C2F3 /* ImagesUrl.swift in Sources */,
				65CAE96328DDFFF40088C2F3 /* UrgentView.swift in Sources */,
				65CAE91A28DB78480088C2F3 /* LBCCategory.swift in Sources */,
				65CAE8F928DB1FB10088C2F3 /* AppDelegate.swift in Sources */,
				65CAE96928E063F70088C2F3 /* DefaultImage.swift in Sources */,
				65CAE96528E05CBA0088C2F3 /* DetailViewController.swift in Sources */,
				65CAE92A28DB7BC40088C2F3 /* ClassifiedADSViewModel.swift in Sources */,
				65CAE91C28DB78800088C2F3 /* LBCClassifiedAD.swift in Sources */,
				65CAE96B28E09A580088C2F3 /* TitleLabel.swift in Sources */,
				65CAE95328DB9E150088C2F3 /* UIView.swift in Sources */,
				65CAE92228DB79710088C2F3 /* APIService.swift in Sources */,
				65CAE92828DB7AC00088C2F3 /* LBCURLSession.swift in Sources */,
				65CAE96F28E0A2BC0088C2F3 /* Float.swift in Sources */,
				65CAE95528DB9ED00088C2F3 /* ClassifiedADCell.swift in Sources */,
				65CAE8FB28DB1FB10088C2F3 /* SceneDelegate.swift in Sources */,
				65CAE95F28DCA3B10088C2F3 /* SectionHeaderView.swift in Sources */,
			);
			runOnlyForDeploymentPostprocessing = 0;
		};
		65CAE93828DB81750088C2F3 /* Sources */ = {
			isa = PBXSourcesBuildPhase;
			buildActionMask = 2147483647;
			files = (
				65CAE94928DB825E0088C2F3 /* FakeData.swift in Sources */,
				65CAE94B28DB829B0088C2F3 /* URLSessionFake.swift in Sources */,
				65CAE94728DB823C0088C2F3 /* FakeNetworkResponse.swift in Sources */,
				65CAE93F28DB81750088C2F3 /* TestLeboncoinTests.swift in Sources */,
				65CAE95128DB838B0088C2F3 /* APIServiceTests.swift in Sources */,
			);
			runOnlyForDeploymentPostprocessing = 0;
		};
/* End PBXSourcesBuildPhase section */

/* Begin PBXTargetDependency section */
		65CAE94128DB81750088C2F3 /* PBXTargetDependency */ = {
			isa = PBXTargetDependency;
			target = 65CAE8F428DB1FB10088C2F3 /* TestLeboncoin */;
			targetProxy = 65CAE94028DB81750088C2F3 /* PBXContainerItemProxy */;
		};
/* End PBXTargetDependency section */

/* Begin PBXVariantGroup section */
		65CAE90328DB1FB30088C2F3 /* LaunchScreen.storyboard */ = {
			isa = PBXVariantGroup;
			children = (
				65CAE90428DB1FB30088C2F3 /* Base */,
			);
			name = LaunchScreen.storyboard;
			sourceTree = "<group>";
		};
/* End PBXVariantGroup section */

/* Begin XCBuildConfiguration section */
		65CAE90728DB1FB30088C2F3 /* Debug */ = {
			isa = XCBuildConfiguration;
			buildSettings = {
				ALWAYS_SEARCH_USER_PATHS = NO;
				CLANG_ANALYZER_NONNULL = YES;
				CLANG_ANALYZER_NUMBER_OBJECT_CONVERSION = YES_AGGRESSIVE;
				CLANG_CXX_LANGUAGE_STANDARD = "gnu++17";
				CLANG_ENABLE_MODULES = YES;
				CLANG_ENABLE_OBJC_ARC = YES;
				CLANG_ENABLE_OBJC_WEAK = YES;
				CLANG_WARN_BLOCK_CAPTURE_AUTORELEASING = YES;
				CLANG_WARN_BOOL_CONVERSION = YES;
				CLANG_WARN_COMMA = YES;
				CLANG_WARN_CONSTANT_CONVERSION = YES;
				CLANG_WARN_DEPRECATED_OBJC_IMPLEMENTATIONS = YES;
				CLANG_WARN_DIRECT_OBJC_ISA_USAGE = YES_ERROR;
				CLANG_WARN_DOCUMENTATION_COMMENTS = YES;
				CLANG_WARN_EMPTY_BODY = YES;
				CLANG_WARN_ENUM_CONVERSION = YES;
				CLANG_WARN_INFINITE_RECURSION = YES;
				CLANG_WARN_INT_CONVERSION = YES;
				CLANG_WARN_NON_LITERAL_NULL_CONVERSION = YES;
				CLANG_WARN_OBJC_IMPLICIT_RETAIN_SELF = YES;
				CLANG_WARN_OBJC_LITERAL_CONVERSION = YES;
				CLANG_WARN_OBJC_ROOT_CLASS = YES_ERROR;
				CLANG_WARN_QUOTED_INCLUDE_IN_FRAMEWORK_HEADER = YES;
				CLANG_WARN_RANGE_LOOP_ANALYSIS = YES;
				CLANG_WARN_STRICT_PROTOTYPES = YES;
				CLANG_WARN_SUSPICIOUS_MOVE = YES;
				CLANG_WARN_UNGUARDED_AVAILABILITY = YES_AGGRESSIVE;
				CLANG_WARN_UNREACHABLE_CODE = YES;
				CLANG_WARN__DUPLICATE_METHOD_MATCH = YES;
				COPY_PHASE_STRIP = NO;
				DEBUG_INFORMATION_FORMAT = dwarf;
				ENABLE_STRICT_OBJC_MSGSEND = YES;
				ENABLE_TESTABILITY = YES;
				GCC_C_LANGUAGE_STANDARD = gnu11;
				GCC_DYNAMIC_NO_PIC = NO;
				GCC_NO_COMMON_BLOCKS = YES;
				GCC_OPTIMIZATION_LEVEL = 0;
				GCC_PREPROCESSOR_DEFINITIONS = (
					"DEBUG=1",
					"$(inherited)",
				);
				GCC_WARN_64_TO_32_BIT_CONVERSION = YES;
				GCC_WARN_ABOUT_RETURN_TYPE = YES_ERROR;
				GCC_WARN_UNDECLARED_SELECTOR = YES;
				GCC_WARN_UNINITIALIZED_AUTOS = YES_AGGRESSIVE;
				GCC_WARN_UNUSED_FUNCTION = YES;
				GCC_WARN_UNUSED_VARIABLE = YES;
				IPHONEOS_DEPLOYMENT_TARGET = 14.0;
				MTL_ENABLE_DEBUG_INFO = INCLUDE_SOURCE;
				MTL_FAST_MATH = YES;
				ONLY_ACTIVE_ARCH = YES;
				SDKROOT = iphoneos;
				SWIFT_ACTIVE_COMPILATION_CONDITIONS = DEBUG;
				SWIFT_OPTIMIZATION_LEVEL = "-Onone";
			};
			name = Debug;
		};
		65CAE90828DB1FB30088C2F3 /* Release */ = {
			isa = XCBuildConfiguration;
			buildSettings = {
				ALWAYS_SEARCH_USER_PATHS = NO;
				CLANG_ANALYZER_NONNULL = YES;
				CLANG_ANALYZER_NUMBER_OBJECT_CONVERSION = YES_AGGRESSIVE;
				CLANG_CXX_LANGUAGE_STANDARD = "gnu++17";
				CLANG_ENABLE_MODULES = YES;
				CLANG_ENABLE_OBJC_ARC = YES;
				CLANG_ENABLE_OBJC_WEAK = YES;
				CLANG_WARN_BLOCK_CAPTURE_AUTORELEASING = YES;
				CLANG_WARN_BOOL_CONVERSION = YES;
				CLANG_WARN_COMMA = YES;
				CLANG_WARN_CONSTANT_CONVERSION = YES;
				CLANG_WARN_DEPRECATED_OBJC_IMPLEMENTATIONS = YES;
				CLANG_WARN_DIRECT_OBJC_ISA_USAGE = YES_ERROR;
				CLANG_WARN_DOCUMENTATION_COMMENTS = YES;
				CLANG_WARN_EMPTY_BODY = YES;
				CLANG_WARN_ENUM_CONVERSION = YES;
				CLANG_WARN_INFINITE_RECURSION = YES;
				CLANG_WARN_INT_CONVERSION = YES;
				CLANG_WARN_NON_LITERAL_NULL_CONVERSION = YES;
				CLANG_WARN_OBJC_IMPLICIT_RETAIN_SELF = YES;
				CLANG_WARN_OBJC_LITERAL_CONVERSION = YES;
				CLANG_WARN_OBJC_ROOT_CLASS = YES_ERROR;
				CLANG_WARN_QUOTED_INCLUDE_IN_FRAMEWORK_HEADER = YES;
				CLANG_WARN_RANGE_LOOP_ANALYSIS = YES;
				CLANG_WARN_STRICT_PROTOTYPES = YES;
				CLANG_WARN_SUSPICIOUS_MOVE = YES;
				CLANG_WARN_UNGUARDED_AVAILABILITY = YES_AGGRESSIVE;
				CLANG_WARN_UNREACHABLE_CODE = YES;
				CLANG_WARN__DUPLICATE_METHOD_MATCH = YES;
				COPY_PHASE_STRIP = NO;
				DEBUG_INFORMATION_FORMAT = "dwarf-with-dsym";
				ENABLE_NS_ASSERTIONS = NO;
				ENABLE_STRICT_OBJC_MSGSEND = YES;
				GCC_C_LANGUAGE_STANDARD = gnu11;
				GCC_NO_COMMON_BLOCKS = YES;
				GCC_WARN_64_TO_32_BIT_CONVERSION = YES;
				GCC_WARN_ABOUT_RETURN_TYPE = YES_ERROR;
				GCC_WARN_UNDECLARED_SELECTOR = YES;
				GCC_WARN_UNINITIALIZED_AUTOS = YES_AGGRESSIVE;
				GCC_WARN_UNUSED_FUNCTION = YES;
				GCC_WARN_UNUSED_VARIABLE = YES;
				IPHONEOS_DEPLOYMENT_TARGET = 14.0;
				MTL_ENABLE_DEBUG_INFO = NO;
				MTL_FAST_MATH = YES;
				SDKROOT = iphoneos;
				SWIFT_COMPILATION_MODE = wholemodule;
				SWIFT_OPTIMIZATION_LEVEL = "-O";
				VALIDATE_PRODUCT = YES;
			};
			name = Release;
		};
		65CAE90A28DB1FB30088C2F3 /* Debug */ = {
			isa = XCBuildConfiguration;
			buildSettings = {
				ASSETCATALOG_COMPILER_APPICON_NAME = AppIcon;
				ASSETCATALOG_COMPILER_GLOBAL_ACCENT_COLOR_NAME = AccentColor;
				CODE_SIGN_STYLE = Automatic;
				CURRENT_PROJECT_VERSION = 1;
				DEVELOPMENT_TEAM = 9T29Y222Y3;
				GENERATE_INFOPLIST_FILE = YES;
				INFOPLIST_FILE = TestLeboncoin/Info.plist;
				INFOPLIST_KEY_UIApplicationSupportsIndirectInputEvents = YES;
				INFOPLIST_KEY_UILaunchStoryboardName = LaunchScreen;
				INFOPLIST_KEY_UISupportedInterfaceOrientations = UIInterfaceOrientationPortrait;
				INFOPLIST_KEY_UISupportedInterfaceOrientations_iPad = "UIInterfaceOrientationPortrait UIInterfaceOrientationPortraitUpsideDown UIInterfaceOrientationLandscapeLeft UIInterfaceOrientationLandscapeRight";
				INFOPLIST_KEY_UISupportedInterfaceOrientations_iPhone = "UIInterfaceOrientationPortrait UIInterfaceOrientationLandscapeLeft UIInterfaceOrientationLandscapeRight";
				IPHONEOS_DEPLOYMENT_TARGET = 14.0;
				LD_RUNPATH_SEARCH_PATHS = (
					"$(inherited)",
					"@executable_path/Frameworks",
				);
				MARKETING_VERSION = 1.0;
				PRODUCT_BUNDLE_IDENTIFIER = fr.danielbendemagh.TestLeboncoin;
				PRODUCT_NAME = "$(TARGET_NAME)";
				SWIFT_EMIT_LOC_STRINGS = YES;
				SWIFT_VERSION = 5.0;
				TARGETED_DEVICE_FAMILY = "1,2";
			};
			name = Debug;
		};
		65CAE90B28DB1FB30088C2F3 /* Release */ = {
			isa = XCBuildConfiguration;
			buildSettings = {
				ASSETCATALOG_COMPILER_APPICON_NAME = AppIcon;
				ASSETCATALOG_COMPILER_GLOBAL_ACCENT_COLOR_NAME = AccentColor;
				CODE_SIGN_STYLE = Automatic;
				CURRENT_PROJECT_VERSION = 1;
				DEVELOPMENT_TEAM = 9T29Y222Y3;
				GENERATE_INFOPLIST_FILE = YES;
				INFOPLIST_FILE = TestLeboncoin/Info.plist;
				INFOPLIST_KEY_UIApplicationSupportsIndirectInputEvents = YES;
				INFOPLIST_KEY_UILaunchStoryboardName = LaunchScreen;
				INFOPLIST_KEY_UISupportedInterfaceOrientations = UIInterfaceOrientationPortrait;
				INFOPLIST_KEY_UISupportedInterfaceOrientations_iPad = "UIInterfaceOrientationPortrait UIInterfaceOrientationPortraitUpsideDown UIInterfaceOrientationLandscapeLeft UIInterfaceOrientationLandscapeRight";
				INFOPLIST_KEY_UISupportedInterfaceOrientations_iPhone = "UIInterfaceOrientationPortrait UIInterfaceOrientationLandscapeLeft UIInterfaceOrientationLandscapeRight";
				IPHONEOS_DEPLOYMENT_TARGET = 14.0;
				LD_RUNPATH_SEARCH_PATHS = (
					"$(inherited)",
					"@executable_path/Frameworks",
				);
				MARKETING_VERSION = 1.0;
				PRODUCT_BUNDLE_IDENTIFIER = fr.danielbendemagh.TestLeboncoin;
				PRODUCT_NAME = "$(TARGET_NAME)";
				SWIFT_EMIT_LOC_STRINGS = YES;
				SWIFT_VERSION = 5.0;
				TARGETED_DEVICE_FAMILY = "1,2";
			};
			name = Release;
		};
		65CAE94328DB81750088C2F3 /* Debug */ = {
			isa = XCBuildConfiguration;
			buildSettings = {
				BUNDLE_LOADER = "$(TEST_HOST)";
				CODE_SIGN_STYLE = Automatic;
				CURRENT_PROJECT_VERSION = 1;
				DEVELOPMENT_TEAM = 9T29Y222Y3;
				GENERATE_INFOPLIST_FILE = YES;
				MARKETING_VERSION = 1.0;
				PRODUCT_BUNDLE_IDENTIFIER = fr.danielbendemagh.TestLeboncoinTests;
				PRODUCT_NAME = "$(TARGET_NAME)";
				SWIFT_EMIT_LOC_STRINGS = NO;
				SWIFT_VERSION = 5.0;
				TARGETED_DEVICE_FAMILY = "1,2";
				TEST_HOST = "$(BUILT_PRODUCTS_DIR)/TestLeboncoin.app/TestLeboncoin";
			};
			name = Debug;
		};
		65CAE94428DB81750088C2F3 /* Release */ = {
			isa = XCBuildConfiguration;
			buildSettings = {
				BUNDLE_LOADER = "$(TEST_HOST)";
				CODE_SIGN_STYLE = Automatic;
				CURRENT_PROJECT_VERSION = 1;
				DEVELOPMENT_TEAM = 9T29Y222Y3;
				GENERATE_INFOPLIST_FILE = YES;
				MARKETING_VERSION = 1.0;
				PRODUCT_BUNDLE_IDENTIFIER = fr.danielbendemagh.TestLeboncoinTests;
				PRODUCT_NAME = "$(TARGET_NAME)";
				SWIFT_EMIT_LOC_STRINGS = NO;
				SWIFT_VERSION = 5.0;
				TARGETED_DEVICE_FAMILY = "1,2";
				TEST_HOST = "$(BUILT_PRODUCTS_DIR)/TestLeboncoin.app/TestLeboncoin";
			};
			name = Release;
		};
/* End XCBuildConfiguration section */

/* Begin XCConfigurationList section */
		65CAE8F028DB1FB10088C2F3 /* Build configuration list for PBXProject "TestLeboncoin" */ = {
			isa = XCConfigurationList;
			buildConfigurations = (
				65CAE90728DB1FB30088C2F3 /* Debug */,
				65CAE90828DB1FB30088C2F3 /* Release */,
			);
			defaultConfigurationIsVisible = 0;
			defaultConfigurationName = Release;
		};
		65CAE90928DB1FB30088C2F3 /* Build configuration list for PBXNativeTarget "TestLeboncoin" */ = {
			isa = XCConfigurationList;
			buildConfigurations = (
				65CAE90A28DB1FB30088C2F3 /* Debug */,
				65CAE90B28DB1FB30088C2F3 /* Release */,
			);
			defaultConfigurationIsVisible = 0;
			defaultConfigurationName = Release;
		};
		65CAE94228DB81750088C2F3 /* Build configuration list for PBXNativeTarget "TestLeboncoinTests" */ = {
			isa = XCConfigurationList;
			buildConfigurations = (
				65CAE94328DB81750088C2F3 /* Debug */,
				65CAE94428DB81750088C2F3 /* Release */,
			);
			defaultConfigurationIsVisible = 0;
			defaultConfigurationName = Release;
		};
/* End XCConfigurationList section */
	};
	rootObject = 65CAE8ED28DB1FB10088C2F3 /* Project object */;
}
